// !$*UTF8*$!
{
	archiveVersion = 1;
	classes = {
	};
	objectVersion = 46;
	objects = {

/* Begin PBXBuildFile section */
		6CC5B8D51FC92763007409BC /* genericClass.cpp in Sources */ = {isa = PBXBuildFile; fileRef = 6CC5B8B91FC92763007409BC /* genericClass.cpp */; };
		6CC5B8D71FC92763007409BC /* Playlist.cpp in Sources */ = {isa = PBXBuildFile; fileRef = 6CC5B8BE1FC92763007409BC /* Playlist.cpp */; };
		6CC5B8D91FC92763007409BC /* Recording.cpp in Sources */ = {isa = PBXBuildFile; fileRef = 6CC5B8C31FC92763007409BC /* Recording.cpp */; };
		6CC5B8DA1FC92763007409BC /* Recordings.cpp in Sources */ = {isa = PBXBuildFile; fileRef = 6CC5B8C51FC92763007409BC /* Recordings.cpp */; };
		6CC5B8DB1FC92763007409BC /* Song.cpp in Sources */ = {isa = PBXBuildFile; fileRef = 6CC5B8C91FC92763007409BC /* Song.cpp */; };
		6CC5B8DC1FC92763007409BC /* Songs.cpp in Sources */ = {isa = PBXBuildFile; fileRef = 6CC5B8CB1FC92763007409BC /* Songs.cpp */; };
		6CC5B8DD1FC92763007409BC /* Track.cpp in Sources */ = {isa = PBXBuildFile; fileRef = 6CC5B8CD1FC92763007409BC /* Track.cpp */; };
		6CC5B8DE1FC92763007409BC /* Tracks.cpp in Sources */ = {isa = PBXBuildFile; fileRef = 6CC5B8CF1FC92763007409BC /* Tracks.cpp */; };
		6CC5B8DF1FC92763007409BC /* User.cpp in Sources */ = {isa = PBXBuildFile; fileRef = 6CC5B8D11FC92763007409BC /* User.cpp */; };
		6CC5B8E01FC92763007409BC /* Users.cpp in Sources */ = {isa = PBXBuildFile; fileRef = 6CC5B8D31FC92763007409BC /* Users.cpp */; };
		6CC5B8E21FC9286D007409BC /* main.cpp in Sources */ = {isa = PBXBuildFile; fileRef = 6CC5B8E11FC9286D007409BC /* main.cpp */; };
/* End PBXBuildFile section */

/* Begin PBXCopyFilesBuildPhase section */
		6CC5B8AB1FC9261B007409BC /* CopyFiles */ = {
			isa = PBXCopyFilesBuildPhase;
			buildActionMask = 2147483647;
			dstPath = /usr/share/man/man1/;
			dstSubfolderSpec = 0;
			files = (
			);
			runOnlyForDeploymentPostprocessing = 1;
		};
/* End PBXCopyFilesBuildPhase section */

/* Begin PBXFileReference section */
		6CC5B8AD1FC9261B007409BC /* Assignment4 */ = {isa = PBXFileReference; explicitFileType = "compiled.mach-o.executable"; includeInIndex = 0; path = Assignment4; sourceTree = BUILT_PRODUCTS_DIR; };
		6CC5B8B91FC92763007409BC /* genericClass.cpp */ = {isa = PBXFileReference; fileEncoding = 4; lastKnownFileType = sourcecode.cpp.cpp; path = genericClass.cpp; sourceTree = "<group>"; };
		6CC5B8BA1FC92763007409BC /* genericClass.hpp */ = {isa = PBXFileReference; fileEncoding = 4; lastKnownFileType = sourcecode.cpp.h; path = genericClass.hpp; sourceTree = "<group>"; };
		6CC5B8BC1FC92763007409BC /* helpfile.txt */ = {isa = PBXFileReference; fileEncoding = 4; lastKnownFileType = text; name = helpfile.txt; path = Assignment4/helpfile.txt; sourceTree = "<group>"; };
		6CC5B8BE1FC92763007409BC /* Playlist.cpp */ = {isa = PBXFileReference; fileEncoding = 4; lastKnownFileType = sourcecode.cpp.cpp; path = Playlist.cpp; sourceTree = "<group>"; };
		6CC5B8BF1FC92763007409BC /* Playlist.hpp */ = {isa = PBXFileReference; fileEncoding = 4; lastKnownFileType = sourcecode.cpp.h; path = Playlist.hpp; sourceTree = "<group>"; };
		6CC5B8C31FC92763007409BC /* Recording.cpp */ = {isa = PBXFileReference; fileEncoding = 4; lastKnownFileType = sourcecode.cpp.cpp; path = Recording.cpp; sourceTree = "<group>"; };
		6CC5B8C41FC92763007409BC /* Recording.hpp */ = {isa = PBXFileReference; fileEncoding = 4; lastKnownFileType = sourcecode.cpp.h; path = Recording.hpp; sourceTree = "<group>"; };
		6CC5B8C51FC92763007409BC /* Recordings.cpp */ = {isa = PBXFileReference; fileEncoding = 4; lastKnownFileType = sourcecode.cpp.cpp; path = Recordings.cpp; sourceTree = "<group>"; };
		6CC5B8C61FC92763007409BC /* Recordings.hpp */ = {isa = PBXFileReference; fileEncoding = 4; lastKnownFileType = sourcecode.cpp.h; path = Recordings.hpp; sourceTree = "<group>"; };
		6CC5B8C71FC92763007409BC /* scriptfile.txt */ = {isa = PBXFileReference; fileEncoding = 4; lastKnownFileType = text; name = scriptfile.txt; path = Assignment4/scriptfile.txt; sourceTree = "<group>"; };
		6CC5B8C81FC92763007409BC /* scriptFile2.txt */ = {isa = PBXFileReference; fileEncoding = 4; lastKnownFileType = text; name = scriptFile2.txt; path = Assignment4/scriptFile2.txt; sourceTree = "<group>"; };
		6CC5B8C91FC92763007409BC /* Song.cpp */ = {isa = PBXFileReference; fileEncoding = 4; lastKnownFileType = sourcecode.cpp.cpp; path = Song.cpp; sourceTree = "<group>"; };
		6CC5B8CA1FC92763007409BC /* Song.hpp */ = {isa = PBXFileReference; fileEncoding = 4; lastKnownFileType = sourcecode.cpp.h; path = Song.hpp; sourceTree = "<group>"; };
		6CC5B8CB1FC92763007409BC /* Songs.cpp */ = {isa = PBXFileReference; fileEncoding = 4; lastKnownFileType = sourcecode.cpp.cpp; path = Songs.cpp; sourceTree = "<group>"; };
		6CC5B8CC1FC92763007409BC /* Songs.hpp */ = {isa = PBXFileReference; fileEncoding = 4; lastKnownFileType = sourcecode.cpp.h; path = Songs.hpp; sourceTree = "<group>"; };
		6CC5B8CD1FC92763007409BC /* Track.cpp */ = {isa = PBXFileReference; fileEncoding = 4; lastKnownFileType = sourcecode.cpp.cpp; path = Track.cpp; sourceTree = "<group>"; };
		6CC5B8CE1FC92763007409BC /* Track.hpp */ = {isa = PBXFileReference; fileEncoding = 4; lastKnownFileType = sourcecode.cpp.h; path = Track.hpp; sourceTree = "<group>"; };
		6CC5B8CF1FC92763007409BC /* Tracks.cpp */ = {isa = PBXFileReference; fileEncoding = 4; lastKnownFileType = sourcecode.cpp.cpp; path = Tracks.cpp; sourceTree = "<group>"; };
		6CC5B8D01FC92763007409BC /* Tracks.hpp */ = {isa = PBXFileReference; fileEncoding = 4; lastKnownFileType = sourcecode.cpp.h; path = Tracks.hpp; sourceTree = "<group>"; };
		6CC5B8D11FC92763007409BC /* User.cpp */ = {isa = PBXFileReference; fileEncoding = 4; lastKnownFileType = sourcecode.cpp.cpp; path = User.cpp; sourceTree = "<group>"; };
		6CC5B8D21FC92763007409BC /* User.hpp */ = {isa = PBXFileReference; fileEncoding = 4; lastKnownFileType = sourcecode.cpp.h; path = User.hpp; sourceTree = "<group>"; };
		6CC5B8D31FC92763007409BC /* Users.cpp */ = {isa = PBXFileReference; fileEncoding = 4; lastKnownFileType = sourcecode.cpp.cpp; path = Users.cpp; sourceTree = "<group>"; };
		6CC5B8D41FC92763007409BC /* Users.hpp */ = {isa = PBXFileReference; fileEncoding = 4; lastKnownFileType = sourcecode.cpp.h; path = Users.hpp; sourceTree = "<group>"; };
		6CC5B8E11FC9286D007409BC /* main.cpp */ = {isa = PBXFileReference; fileEncoding = 4; lastKnownFileType = sourcecode.cpp.cpp; path = main.cpp; sourceTree = "<group>"; };
/* End PBXFileReference section */

/* Begin PBXFrameworksBuildPhase section */
		6CC5B8AA1FC9261B007409BC /* Frameworks */ = {
			isa = PBXFrameworksBuildPhase;
			buildActionMask = 2147483647;
			files = (
			);
			runOnlyForDeploymentPostprocessing = 0;
		};
/* End PBXFrameworksBuildPhase section */

/* Begin PBXGroup section */
		6CC5B8A41FC9261B007409BC = {
			isa = PBXGroup;
			children = (
				6CC5B8AF1FC9261B007409BC /* Assignment4 */,
				6CC5B8BC1FC92763007409BC /* helpfile.txt */,
				6CC5B8C71FC92763007409BC /* scriptfile.txt */,
				6CC5B8C81FC92763007409BC /* scriptFile2.txt */,
				6CC5B8AE1FC9261B007409BC /* Products */,
			);
			sourceTree = "<group>";
		};
		6CC5B8AE1FC9261B007409BC /* Products */ = {
			isa = PBXGroup;
			children = (
				6CC5B8AD1FC9261B007409BC /* Assignment4 */,
			);
			name = Products;
			sourceTree = "<group>";
		};
		6CC5B8AF1FC9261B007409BC /* Assignment4 */ = {
			isa = PBXGroup;
			children = (
				6CC5B8E11FC9286D007409BC /* main.cpp */,
				6CC5B8B91FC92763007409BC /* genericClass.cpp */,
				6CC5B8BA1FC92763007409BC /* genericClass.hpp */,
				6CC5B8EB1FC9318C007409BC /* Playlist */,
				6CC5B8EA1FC93185007409BC /* Recording */,
				6CC5B8E91FC9317F007409BC /* Recordings */,
				6CC5B8E31FC93155007409BC /* Song */,
				6CC5B8E41FC93160007409BC /* Songs */,
				6CC5B8E51FC93165007409BC /* Track */,
				6CC5B8E61FC9316B007409BC /* Tracks */,
				6CC5B8E71FC93173007409BC /* User */,
				6CC5B8E81FC93178007409BC /* Users */,
			);
			path = Assignment4;
			sourceTree = "<group>";
		};
		6CC5B8E31FC93155007409BC /* Song */ = {
			isa = PBXGroup;
			children = (
				6CC5B8C91FC92763007409BC /* Song.cpp */,
				6CC5B8CA1FC92763007409BC /* Song.hpp */,
			);
			name = Song;
			sourceTree = "<group>";
		};
		6CC5B8E41FC93160007409BC /* Songs */ = {
			isa = PBXGroup;
			children = (
				6CC5B8CB1FC92763007409BC /* Songs.cpp */,
				6CC5B8CC1FC92763007409BC /* Songs.hpp */,
			);
			name = Songs;
			sourceTree = "<group>";
		};
		6CC5B8E51FC93165007409BC /* Track */ = {
			isa = PBXGroup;
			children = (
				6CC5B8CD1FC92763007409BC /* Track.cpp */,
				6CC5B8CE1FC92763007409BC /* Track.hpp */,
			);
			name = Track;
			sourceTree = "<group>";
		};
		6CC5B8E61FC9316B007409BC /* Tracks */ = {
			isa = PBXGroup;
			children = (
				6CC5B8CF1FC92763007409BC /* Tracks.cpp */,
				6CC5B8D01FC92763007409BC /* Tracks.hpp */,
			);
			name = Tracks;
			sourceTree = "<group>";
		};
		6CC5B8E71FC93173007409BC /* User */ = {
			isa = PBXGroup;
			children = (
				6CC5B8D11FC92763007409BC /* User.cpp */,
				6CC5B8D21FC92763007409BC /* User.hpp */,
			);
			name = User;
			sourceTree = "<group>";
		};
		6CC5B8E81FC93178007409BC /* Users */ = {
			isa = PBXGroup;
			children = (
				6CC5B8D31FC92763007409BC /* Users.cpp */,
				6CC5B8D41FC92763007409BC /* Users.hpp */,
			);
			name = Users;
			sourceTree = "<group>";
		};
		6CC5B8E91FC9317F007409BC /* Recordings */ = {
			isa = PBXGroup;
			children = (
				6CC5B8C51FC92763007409BC /* Recordings.cpp */,
				6CC5B8C61FC92763007409BC /* Recordings.hpp */,
			);
			name = Recordings;
			sourceTree = "<group>";
		};
		6CC5B8EA1FC93185007409BC /* Recording */ = {
			isa = PBXGroup;
			children = (
				6CC5B8C31FC92763007409BC /* Recording.cpp */,
				6CC5B8C41FC92763007409BC /* Recording.hpp */,
			);
			name = Recording;
			sourceTree = "<group>";
		};
		6CC5B8EB1FC9318C007409BC /* Playlist */ = {
			isa = PBXGroup;
			children = (
				6CC5B8BE1FC92763007409BC /* Playlist.cpp */,
				6CC5B8BF1FC92763007409BC /* Playlist.hpp */,
			);
			name = Playlist;
			sourceTree = "<group>";
		};
/* End PBXGroup section */

/* Begin PBXNativeTarget section */
		6CC5B8AC1FC9261B007409BC /* Assignment4 */ = {
			isa = PBXNativeTarget;
			buildConfigurationList = 6CC5B8B41FC9261B007409BC /* Build configuration list for PBXNativeTarget "Assignment4" */;
			buildPhases = (
				6CC5B8A91FC9261B007409BC /* Sources */,
				6CC5B8AA1FC9261B007409BC /* Frameworks */,
				6CC5B8AB1FC9261B007409BC /* CopyFiles */,
			);
			buildRules = (
			);
			dependencies = (
			);
			name = Assignment4;
			productName = Assignment4;
			productReference = 6CC5B8AD1FC9261B007409BC /* Assignment4 */;
			productType = "com.apple.product-type.tool";
		};
/* End PBXNativeTarget section */

/* Begin PBXProject section */
		6CC5B8A51FC9261B007409BC /* Project object */ = {
			isa = PBXProject;
			attributes = {
				LastUpgradeCheck = 0830;
				ORGANIZATIONNAME = "Huzaifa Asif";
				TargetAttributes = {
					6CC5B8AC1FC9261B007409BC = {
						CreatedOnToolsVersion = 8.3.3;
						ProvisioningStyle = Automatic;
					};
				};
			};
			buildConfigurationList = 6CC5B8A81FC9261B007409BC /* Build configuration list for PBXProject "Assignment4" */;
			compatibilityVersion = "Xcode 3.2";
			developmentRegion = English;
			hasScannedForEncodings = 0;
			knownRegions = (
				en,
			);
			mainGroup = 6CC5B8A41FC9261B007409BC;
			productRefGroup = 6CC5B8AE1FC9261B007409BC /* Products */;
			projectDirPath = "";
			projectRoot = "";
			targets = (
				6CC5B8AC1FC9261B007409BC /* Assignment4 */,
			);
		};
/* End PBXProject section */

/* Begin PBXSourcesBuildPhase section */
		6CC5B8A91FC9261B007409BC /* Sources */ = {
			isa = PBXSourcesBuildPhase;
			buildActionMask = 2147483647;
			files = (
				6CC5B8DF1FC92763007409BC /* User.cpp in Sources */,
				6CC5B8DB1FC92763007409BC /* Song.cpp in Sources */,
				6CC5B8E21FC9286D007409BC /* main.cpp in Sources */,
				6CC5B8D51FC92763007409BC /* genericClass.cpp in Sources */,
				6CC5B8DA1FC92763007409BC /* Recordings.cpp in Sources */,
				6CC5B8E01FC92763007409BC /* Users.cpp in Sources */,
				6CC5B8D91FC92763007409BC /* Recording.cpp in Sources */,
				6CC5B8D71FC92763007409BC /* Playlist.cpp in Sources */,
				6CC5B8DE1FC92763007409BC /* Tracks.cpp in Sources */,
				6CC5B8DD1FC92763007409BC /* Track.cpp in Sources */,
				6CC5B8DC1FC92763007409BC /* Songs.cpp in Sources */,
			);
			runOnlyForDeploymentPostprocessing = 0;
		};
/* End PBXSourcesBuildPhase section */

/* Begin XCBuildConfiguration section */
		6CC5B8B21FC9261B007409BC /* Debug */ = {
			isa = XCBuildConfiguration;
			buildSettings = {
				ALWAYS_SEARCH_USER_PATHS = NO;
				CLANG_ANALYZER_NONNULL = YES;
				CLANG_ANALYZER_NUMBER_OBJECT_CONVERSION = YES_AGGRESSIVE;
				CLANG_CXX_LANGUAGE_STANDARD = "gnu++0x";
				CLANG_CXX_LIBRARY = "libc++";
				CLANG_ENABLE_MODULES = YES;
				CLANG_ENABLE_OBJC_ARC = YES;
				CLANG_WARN_BOOL_CONVERSION = YES;
				CLANG_WARN_CONSTANT_CONVERSION = YES;
				CLANG_WARN_DIRECT_OBJC_ISA_USAGE = YES_ERROR;
				CLANG_WARN_DOCUMENTATION_COMMENTS = YES;
				CLANG_WARN_EMPTY_BODY = YES;
				CLANG_WARN_ENUM_CONVERSION = YES;
				CLANG_WARN_INFINITE_RECURSION = YES;
				CLANG_WARN_INT_CONVERSION = YES;
				CLANG_WARN_OBJC_ROOT_CLASS = YES_ERROR;
				CLANG_WARN_SUSPICIOUS_MOVE = YES;
				CLANG_WARN_UNREACHABLE_CODE = YES;
				CLANG_WARN__DUPLICATE_METHOD_MATCH = YES;
				CODE_SIGN_IDENTITY = "-";
				COPY_PHASE_STRIP = NO;
				DEBUG_INFORMATION_FORMAT = dwarf;
				ENABLE_STRICT_OBJC_MSGSEND = YES;
				ENABLE_TESTABILITY = YES;
				GCC_C_LANGUAGE_STANDARD = gnu99;
				GCC_DYNAMIC_NO_PIC = NO;
				GCC_NO_COMMON_BLOCKS = YES;
				GCC_OPTIMIZATION_LEVEL = 0;
				GCC_PREPROCESSOR_DEFINITIONS = (
					"DEBUG=1",
					"$(inherited)",
				);
				GCC_WARN_64_TO_32_BIT_CONVERSION = YES;
				GCC_WARN_ABOUT_RETURN_TYPE = YES_ERROR;
				GCC_WARN_UNDECLARED_SELECTOR = YES;
				GCC_WARN_UNINITIALIZED_AUTOS = YES_AGGRESSIVE;
				GCC_WARN_UNUSED_FUNCTION = YES;
				GCC_WARN_UNUSED_VARIABLE = YES;
				MACOSX_DEPLOYMENT_TARGET = 10.12;
				MTL_ENABLE_DEBUG_INFO = YES;
				ONLY_ACTIVE_ARCH = YES;
				SDKROOT = macosx;
			};
			name = Debug;
		};
		6CC5B8B31FC9261B007409BC /* Release */ = {
			isa = XCBuildConfiguration;
			buildSettings = {
				ALWAYS_SEARCH_USER_PATHS = NO;
				CLANG_ANALYZER_NONNULL = YES;
				CLANG_ANALYZER_NUMBER_OBJECT_CONVERSION = YES_AGGRESSIVE;
				CLANG_CXX_LANGUAGE_STANDARD = "gnu++0x";
				CLANG_CXX_LIBRARY = "libc++";
				CLANG_ENABLE_MODULES = YES;
				CLANG_ENABLE_OBJC_ARC = YES;
				CLANG_WARN_BOOL_CONVERSION = YES;
				CLANG_WARN_CONSTANT_CONVERSION = YES;
				CLANG_WARN_DIRECT_OBJC_ISA_USAGE = YES_ERROR;
				CLANG_WARN_DOCUMENTATION_COMMENTS = YES;
				CLANG_WARN_EMPTY_BODY = YES;
				CLANG_WARN_ENUM_CONVERSION = YES;
				CLANG_WARN_INFINITE_RECURSION = YES;
				CLANG_WARN_INT_CONVERSION = YES;
				CLANG_WARN_OBJC_ROOT_CLASS = YES_ERROR;
				CLANG_WARN_SUSPICIOUS_MOVE = YES;
				CLANG_WARN_UNREACHABLE_CODE = YES;
				CLANG_WARN__DUPLICATE_METHOD_MATCH = YES;
				CODE_SIGN_IDENTITY = "-";
				COPY_PHASE_STRIP = NO;
				DEBUG_INFORMATION_FORMAT = "dwarf-with-dsym";
				ENABLE_NS_ASSERTIONS = NO;
				ENABLE_STRICT_OBJC_MSGSEND = YES;
				GCC_C_LANGUAGE_STANDARD = gnu99;
				GCC_NO_COMMON_BLOCKS = YES;
				GCC_WARN_64_TO_32_BIT_CONVERSION = YES;
				GCC_WARN_ABOUT_RETURN_TYPE = YES_ERROR;
				GCC_WARN_UNDECLARED_SELECTOR = YES;
				GCC_WARN_UNINITIALIZED_AUTOS = YES_AGGRESSIVE;
				GCC_WARN_UNUSED_FUNCTION = YES;
				GCC_WARN_UNUSED_VARIABLE = YES;
				MACOSX_DEPLOYMENT_TARGET = 10.12;
				MTL_ENABLE_DEBUG_INFO = NO;
				SDKROOT = macosx;
			};
			name = Release;
		};
		6CC5B8B51FC9261B007409BC /* Debug */ = {
			isa = XCBuildConfiguration;
			buildSettings = {
				PRODUCT_NAME = "$(TARGET_NAME)";
			};
			name = Debug;
		};
		6CC5B8B61FC9261B007409BC /* Release */ = {
			isa = XCBuildConfiguration;
			buildSettings = {
				PRODUCT_NAME = "$(TARGET_NAME)";
			};
			name = Release;
		};
/* End XCBuildConfiguration section */

/* Begin XCConfigurationList section */
		6CC5B8A81FC9261B007409BC /* Build configuration list for PBXProject "Assignment4" */ = {
			isa = XCConfigurationList;
			buildConfigurations = (
				6CC5B8B21FC9261B007409BC /* Debug */,
				6CC5B8B31FC9261B007409BC /* Release */,
			);
			defaultConfigurationIsVisible = 0;
			defaultConfigurationName = Release;
		};
		6CC5B8B41FC9261B007409BC /* Build configuration list for PBXNativeTarget "Assignment4" */ = {
			isa = XCConfigurationList;
			buildConfigurations = (
				6CC5B8B51FC9261B007409BC /* Debug */,
				6CC5B8B61FC9261B007409BC /* Release */,
			);
			defaultConfigurationIsVisible = 0;
		};
/* End XCConfigurationList section */
	};
	rootObject = 6CC5B8A51FC9261B007409BC /* Project object */;
}
